
Microsoft Visual Studio Solution File, Format Version 12.00
# Visual Studio Version 16
VisualStudioVersion = 16.0.31911.196
MinimumVisualStudioVersion = 10.0.40219.1
Project("{FAE04EC0-301F-11D3-BF4B-00C04F79EFBC}") = "Repaso2", "Repaso2\Repaso2.csproj", "{86266C5C-E7E9-4F97-96DD-53663C45943A}"
EndProject
Global
	GlobalSection(SolutionConfigurationPlatforms) = preSolution
		Debug|Any CPU = Debug|Any CPU
		Release|Any CPU = Release|Any CPU
	EndGlobalSection
	GlobalSection(ProjectConfigurationPlatforms) = postSolution
		{86266C5C-E7E9-4F97-96DD-53663C45943A}.Debug|Any CPU.ActiveCfg = Debug|Any CPU
		{86266C5C-E7E9-4F97-96DD-53663C45943A}.Debug|Any CPU.Build.0 = Debug|Any CPU
		{86266C5C-E7E9-4F97-96DD-53663C45943A}.Release|Any CPU.ActiveCfg = Release|Any CPU
		{86266C5C-E7E9-4F97-96DD-53663C45943A}.Release|Any CPU.Build.0 = Release|Any CPU
	EndGlobalSection
	GlobalSection(SolutionProperties) = preSolution
		HideSolutionNode = FALSE
	EndGlobalSection
	GlobalSection(ExtensibilityGlobals) = postSolution
		SolutionGuid = {1807FB9B-625C-4138-BF90-871985AC3271}
	EndGlobalSection
EndGlobal
